
Microsoft Visual Studio Solution File, Format Version 12.00
# Visual Studio Version 17
VisualStudioVersion = 17.9.34622.214
MinimumVisualStudioVersion = 10.0.40219.1
Project("{9A19103F-16F7-4668-BE54-9A1E7A4F7556}") = "ServerSide", "Server\ServerSide.csproj", "{2A93592B-2EFF-4C47-9600-C9AD893DC74B}"
EndProject
Project("{9A19103F-16F7-4668-BE54-9A1E7A4F7556}") = "CommonLibrary", "CommonLibrary\CommonLibrary.csproj", "{CC89C52F-1FC6-4438-AAD1-BAB2CC365F45}"
EndProject
Project("{9A19103F-16F7-4668-BE54-9A1E7A4F7556}") = "Chat", "Chat\Chat.csproj", "{EE6157B3-C944-476C-A54D-031D601BA375}"
EndProject
Global
	GlobalSection(SolutionConfigurationPlatforms) = preSolution
		Debug|Any CPU = Debug|Any CPU
		Release|Any CPU = Release|Any CPU
	EndGlobalSection
	GlobalSection(ProjectConfigurationPlatforms) = postSolution
		{2A93592B-2EFF-4C47-9600-C9AD893DC74B}.Debug|Any CPU.ActiveCfg = Debug|Any CPU
		{2A93592B-2EFF-4C47-9600-C9AD893DC74B}.Debug|Any CPU.Build.0 = Debug|Any CPU
		{2A93592B-2EFF-4C47-9600-C9AD893DC74B}.Release|Any CPU.ActiveCfg = Release|Any CPU
		{2A93592B-2EFF-4C47-9600-C9AD893DC74B}.Release|Any CPU.Build.0 = Release|Any CPU
		{CC89C52F-1FC6-4438-AAD1-BAB2CC365F45}.Debug|Any CPU.ActiveCfg = Debug|Any CPU
		{CC89C52F-1FC6-4438-AAD1-BAB2CC365F45}.Debug|Any CPU.Build.0 = Debug|Any CPU
		{CC89C52F-1FC6-4438-AAD1-BAB2CC365F45}.Release|Any CPU.ActiveCfg = Release|Any CPU
		{CC89C52F-1FC6-4438-AAD1-BAB2CC365F45}.Release|Any CPU.Build.0 = Release|Any CPU
		{EE6157B3-C944-476C-A54D-031D601BA375}.Debug|Any CPU.ActiveCfg = Debug|Any CPU
		{EE6157B3-C944-476C-A54D-031D601BA375}.Debug|Any CPU.Build.0 = Debug|Any CPU
		{EE6157B3-C944-476C-A54D-031D601BA375}.Release|Any CPU.ActiveCfg = Release|Any CPU
		{EE6157B3-C944-476C-A54D-031D601BA375}.Release|Any CPU.Build.0 = Release|Any CPU
	EndGlobalSection
	GlobalSection(SolutionProperties) = preSolution
		HideSolutionNode = FALSE
	EndGlobalSection
	GlobalSection(ExtensibilityGlobals) = postSolution
		SolutionGuid = {F11D0E76-9424-4376-B3E3-9C48D8C11B6C}
	EndGlobalSection
EndGlobal
